
Microsoft Visual Studio Solution File, Format Version 12.00
# Visual Studio Version 16
VisualStudioVersion = 16.0.30503.244
MinimumVisualStudioVersion = 10.0.40219.1
Project("{9A19103F-16F7-4668-BE54-9A1E7A4F7556}") = "MyPetSocial", "MyPetSocial\MyPetSocial.csproj", "{DE6E093D-18FD-4371-9ABF-A184AE04DA2E}"
EndProject
Global
	GlobalSection(SolutionConfigurationPlatforms) = preSolution
		Debug|Any CPU = Debug|Any CPU
		Release|Any CPU = Release|Any CPU
	EndGlobalSection
	GlobalSection(ProjectConfigurationPlatforms) = postSolution
		{DE6E093D-18FD-4371-9ABF-A184AE04DA2E}.Debug|Any CPU.ActiveCfg = Debug|Any CPU
		{DE6E093D-18FD-4371-9ABF-A184AE04DA2E}.Debug|Any CPU.Build.0 = Debug|Any CPU
		{DE6E093D-18FD-4371-9ABF-A184AE04DA2E}.Release|Any CPU.ActiveCfg = Release|Any CPU
		{DE6E093D-18FD-4371-9ABF-A184AE04DA2E}.Release|Any CPU.Build.0 = Release|Any CPU
	EndGlobalSection
	GlobalSection(SolutionProperties) = preSolution
		HideSolutionNode = FALSE
	EndGlobalSection
	GlobalSection(ExtensibilityGlobals) = postSolution
		SolutionGuid = {3FC4AA0E-FF18-4908-A36E-230966D7D643}
	EndGlobalSection
EndGlobal
